{
  "nodes": {
    "alejandra": {
      "inputs": {
        "flakeCompat": "flakeCompat",
        "nixpkgs": "nixpkgs_2"
      },
      "locked": {
        "lastModified": 1648332543,
        "narHash": "sha256-9FWmFNLCOp4y0I8Yb4GvgGXxtDq3nBDSTI9qyCi2LJ4=",
        "owner": "kamadorueda",
        "repo": "alejandra",
        "rev": "5cbb3486c7959646f452830c0a223edc5db5b951",
        "type": "github"
      },
      "original": {
        "owner": "kamadorueda",
        "repo": "alejandra",
        "type": "github"
      }
    },
    "apps": {
      "locked": {
        "lastModified": 1647350163,
        "narHash": "sha256-OcMI+PFEHTONthXuEQNddt16Ml7qGvanL3x8QOl2Aao=",
        "owner": "nixos",
        "repo": "nixpkgs",
        "rev": "3eb07eeafb52bcbf02ce800f032f18d666a9498d",
        "type": "github"
      },
      "original": {
        "owner": "nixos",
        "ref": "nixpkgs-unstable",
        "repo": "nixpkgs",
        "type": "github"
      }
    },
    "crane": {
      "flake": false,
      "locked": {
        "lastModified": 1644785799,
        "narHash": "sha256-VpAJO1L0XeBvtCuNGK4IDKp6ENHIpTrlaZT7yfBCvwo=",
        "owner": "ipetkov",
        "repo": "crane",
        "rev": "fc7a94f841347c88f2cb44217b2a3faa93e2a0b2",
        "type": "github"
      },
      "original": {
        "owner": "ipetkov",
        "repo": "crane",
        "type": "github"
      }
    },
    "darwin": {
      "inputs": {
        "nixpkgs": [
          "nixpkgs-darwin"
        ]
      },
      "locked": {
        "lastModified": 1651916036,
        "narHash": "sha256-UuD9keUGm4IuVEV6wdSYbuRm7CwfXE63hVkzKDjVsh4=",
        "owner": "lnl7",
        "repo": "nix-darwin",
        "rev": "2f2bdf658d2b79bada78dc914af99c53cad37cba",
        "type": "github"
      },
      "original": {
        "owner": "lnl7",
        "ref": "master",
        "repo": "nix-darwin",
        "type": "github"
      }
    },
    "dev": {
      "locked": {
        "lastModified": 1647800324,
        "narHash": "sha256-rjwoxrk16zfrcO5Torh6CbAd5GHsHrXw+EwxOvh9AUI=",
        "owner": "NixOS",
        "repo": "nixpkgs",
        "rev": "9bc841fec1c0e8b9772afa29f934d2c7ce57da8e",
        "type": "github"
      },
      "original": {
        "owner": "NixOS",
        "ref": "nixos-unstable",
        "repo": "nixpkgs",
        "type": "github"
      }
    },
    "dev_kak_fzf": {
      "flake": false,
      "locked": {
        "lastModified": 1643112466,
        "narHash": "sha256-hIfq/Hf3ltufyon8VYyyCcpJ8Z2bY7XaTMsIUvuWfXo=",
        "owner": "andreyorst",
        "repo": "fzf.kak",
        "rev": "010e3950419717ec9b79263674f514f1c06adb59",
        "type": "github"
      },
      "original": {
        "owner": "andreyorst",
        "repo": "fzf.kak",
        "type": "github"
      }
    },
    "dev_kak_lsp": {
      "flake": false,
      "locked": {
        "lastModified": 1647385925,
        "narHash": "sha256-05CNxaEnY3lLR11D+Y7LmiAqztqZPuGEgH2XcmR1Fg8=",
        "owner": "kak-lsp",
        "repo": "kak-lsp",
        "rev": "148c0a90f1545fbe6b726ea2a0a185e4c6310e7c",
        "type": "github"
      },
      "original": {
        "owner": "kak-lsp",
        "repo": "kak-lsp",
        "type": "github"
      }
    },
    "dev_kak_plug": {
      "flake": false,
      "locked": {
        "lastModified": 1644854271,
        "narHash": "sha256-WK96PRnofyBnS6PH4xeJSNJdVdcApGZ//4GPBKvYATg=",
        "owner": "andreyorst",
        "repo": "plug.kak",
        "rev": "d2bde869b077988e1c1e6f05ab94a485366516f8",
        "type": "github"
      },
      "original": {
        "owner": "andreyorst",
        "repo": "plug.kak",
        "type": "github"
      }
    },
    "devshell": {
      "inputs": {
        "flake-utils": "flake-utils",
        "nixpkgs": "nixpkgs"
      },
      "locked": {
        "lastModified": 1646667754,
        "narHash": "sha256-LahZHvCC3UVzGQ55iWDRZkuDssXl1rYgqgScrPV9S38=",
        "owner": "numtide",
        "repo": "devshell",
        "rev": "59fbe1dfc0de8c3332957c16998a7d16dff365d8",
        "type": "github"
      },
      "original": {
        "owner": "numtide",
        "repo": "devshell",
        "type": "github"
      }
    },
    "dream2nix": {
      "inputs": {
        "alejandra": "alejandra",
        "crane": "crane",
        "flake-utils-pre-commit": "flake-utils-pre-commit",
        "gomod2nix": "gomod2nix",
        "mach-nix": "mach-nix",
        "nixpkgs": "nixpkgs_3",
        "node2nix": "node2nix",
        "poetry2nix": "poetry2nix",
        "pre-commit-hooks": "pre-commit-hooks"
      },
      "locked": {
        "lastModified": 1646710334,
        "narHash": "sha256-eLBcDgcbOUfeH4k6SEW5a5v0PTp2KNCn+5ZXIoWGYww=",
        "owner": "nix-community",
        "repo": "dream2nix",
        "rev": "5dcfbfd3b60ce0208b894c1bdea00e2bdf80ca6a",
        "type": "github"
      },
      "original": {
        "owner": "nix-community",
        "ref": "main",
        "repo": "dream2nix",
        "type": "github"
      }
    },
    "flake-utils": {
      "locked": {
        "lastModified": 1642700792,
        "narHash": "sha256-XqHrk7hFb+zBvRg6Ghl+AZDq03ov6OshJLiSWOoX5es=",
        "owner": "numtide",
        "repo": "flake-utils",
        "rev": "846b2ae0fc4cc943637d3d1def4454213e203cba",
        "type": "github"
      },
      "original": {
        "owner": "numtide",
        "repo": "flake-utils",
        "type": "github"
      }
    },
    "flake-utils-pre-commit": {
      "locked": {
        "lastModified": 1648297722,
        "narHash": "sha256-W+qlPsiZd8F3XkzXOzAoR+mpFqzm3ekQkJNa+PIh1BQ=",
        "owner": "numtide",
        "repo": "flake-utils",
        "rev": "0f8662f1319ad6abf89b3380dd2722369fc51ade",
        "type": "github"
      },
      "original": {
        "owner": "numtide",
        "repo": "flake-utils",
        "type": "github"
      }
    },
    "flake-utils_2": {
      "locked": {
        "lastModified": 1648297722,
        "narHash": "sha256-W+qlPsiZd8F3XkzXOzAoR+mpFqzm3ekQkJNa+PIh1BQ=",
        "owner": "numtide",
        "repo": "flake-utils",
        "rev": "0f8662f1319ad6abf89b3380dd2722369fc51ade",
        "type": "github"
      },
      "original": {
        "owner": "numtide",
        "repo": "flake-utils",
        "type": "github"
      }
    },
    "flake-utils_3": {
      "locked": {
        "lastModified": 1637014545,
        "narHash": "sha256-26IZAc5yzlD9FlDT54io1oqG/bBoyka+FJk5guaX4x4=",
        "owner": "numtide",
        "repo": "flake-utils",
        "rev": "bba5dcc8e0b20ab664967ad83d24d64cb64ec4f4",
        "type": "github"
      },
      "original": {
        "owner": "numtide",
        "repo": "flake-utils",
        "type": "github"
      }
    },
    "flakeCompat": {
      "flake": false,
      "locked": {
        "lastModified": 1648199409,
        "narHash": "sha256-JwPKdC2PoVBkG6E+eWw3j6BMR6sL3COpYWfif7RVb8Y=",
        "owner": "edolstra",
        "repo": "flake-compat",
        "rev": "64a525ee38886ab9028e6f61790de0832aa3ef03",
        "type": "github"
      },
      "original": {
        "owner": "edolstra",
        "repo": "flake-compat",
        "type": "github"
      }
    },
    "gomod2nix": {
      "flake": false,
      "locked": {
        "lastModified": 1641803356,
        "narHash": "sha256-ZjF43cckJLJCV9I+SXwTGNQGI52KrYwUhLt/R83TyKk=",
        "owner": "tweag",
        "repo": "gomod2nix",
        "rev": "fc5adcc53031c5a3934500a57896a840a2bd073d",
        "type": "github"
      },
      "original": {
        "owner": "tweag",
        "repo": "gomod2nix",
        "type": "github"
      }
    },
    "helix": {
      "inputs": {
        "nixCargoIntegration": "nixCargoIntegration",
        "nixpkgs": [
          "dev"
        ],
        "rust-overlay": "rust-overlay"
      },
      "locked": {
        "lastModified": 1648913949,
        "narHash": "sha256-52UuZDJgxOqE/DOcf0xd9g4GDpHxsI9Bzac/9dIMC5E=",
        "owner": "leeola",
        "repo": "helix",
        "rev": "90a46ee18661736e4719257c64caea041bc5010d",
        "type": "github"
      },
      "original": {
        "owner": "leeola",
        "ref": "22.03-diag-next-err",
        "repo": "helix",
        "type": "github"
      }
    },
    "home-manager": {
      "inputs": {
        "nixpkgs": [
          "nixpkgs"
        ]
      },
      "locked": {
        "lastModified": 1630076227,
        "narHash": "sha256-p3YdtqSPLnMudWsLMgd6XMEhQKB2oz1hvDkHtOlz5/Q=",
        "owner": "nix-community",
        "repo": "home-manager",
        "rev": "f5adb9be829f487f99bcc0f1884f74ddb85f70c8",
        "type": "github"
      },
      "original": {
        "owner": "nix-community",
        "ref": "release-21.05",
        "repo": "home-manager",
        "type": "github"
      }
    },
    "mach-nix": {
      "flake": false,
      "locked": {
        "lastModified": 1648436428,
        "narHash": "sha256-pDXf4Pgh1sGMSNpLjYnb2+WLqYYuRZxNs4OuOfNS8ik=",
        "owner": "DavHau",
        "repo": "mach-nix",
        "rev": "86c3111786742fcc4dfdca2e124bcea10e05a4e6",
        "type": "github"
      },
      "original": {
        "id": "mach-nix",
        "type": "indirect"
      }
    },
    "nixCargoIntegration": {
      "inputs": {
        "devshell": "devshell",
        "dream2nix": "dream2nix",
        "nixpkgs": "nixpkgs_5",
        "rustOverlay": "rustOverlay"
      },
      "locked": {
        "lastModified": 1646766572,
        "narHash": "sha256-DV3+zxvAIKsMHsHedJKYFsracvFyLKpFQqurUBR86oY=",
        "owner": "yusdacra",
        "repo": "nix-cargo-integration",
        "rev": "3a3f47f43ba486b7554164a698c8dfc5a38624ce",
        "type": "github"
      },
      "original": {
        "owner": "yusdacra",
        "repo": "nix-cargo-integration",
        "type": "github"
      }
    },
    "nixpkgs": {
      "locked": {
        "lastModified": 1648219316,
        "narHash": "sha256-Ctij+dOi0ZZIfX5eMhgwugfvB+WZSrvVNAyAuANOsnQ=",
        "owner": "NixOS",
        "repo": "nixpkgs",
        "rev": "30d3d79b7d3607d56546dd2a6b49e156ba0ec634",
        "type": "github"
      },
      "original": {
        "owner": "NixOS",
        "ref": "nixpkgs-unstable",
        "repo": "nixpkgs",
        "type": "github"
      }
    },
    "nixpkgs-darwin": {
      "locked": {
        "lastModified": 1647089892,
        "narHash": "sha256-3HAUy+Z2iZ5DSlwFx6f+gSr306JOqdJ+F83fC443jKw=",
        "owner": "NixOS",
        "repo": "nixpkgs",
        "rev": "e3c697f701a0a27086da0fe0818859310644ce5a",
        "type": "github"
      },
      "original": {
        "owner": "NixOS",
        "ref": "nixpkgs-21.11-darwin",
        "repo": "nixpkgs",
        "type": "github"
      }
    },
    "nixpkgs-kak": {
      "locked": {
        "lastModified": 1630248577,
        "narHash": "sha256-9d/yq96TTrnF7qjA6wPYk+rYjWAXwfUmwk3qewezSeg=",
        "owner": "NixOS",
        "repo": "nixpkgs",
        "rev": "8d8a28b47b7c41aeb4ad01a2bd8b7d26986c3512",
        "type": "github"
      },
      "original": {
        "owner": "NixOS",
        "ref": "nixos-unstable",
        "repo": "nixpkgs",
        "type": "github"
      }
    },
    "nixpkgs_2": {
      "locked": {
        "lastModified": 1648219316,
        "narHash": "sha256-Ctij+dOi0ZZIfX5eMhgwugfvB+WZSrvVNAyAuANOsnQ=",
        "owner": "nixos",
        "repo": "nixpkgs",
        "rev": "30d3d79b7d3607d56546dd2a6b49e156ba0ec634",
        "type": "github"
      },
      "original": {
        "owner": "nixos",
        "ref": "nixpkgs-unstable",
        "repo": "nixpkgs",
        "type": "github"
      }
    },
    "nixpkgs_3": {
      "locked": {
        "lastModified": 1648632716,
        "narHash": "sha256-kCmnDeiaMsdhfnNKjxdOzwRh2H6eQb8yWAL+nNabC/Y=",
        "owner": "NixOS",
        "repo": "nixpkgs",
        "rev": "710fed5a2483f945b14f4a58af2cd3676b42d8c8",
        "type": "github"
      },
      "original": {
        "id": "nixpkgs",
        "ref": "nixos-unstable",
        "type": "indirect"
      }
    },
    "nixpkgs_4": {
      "locked": {
        "lastModified": 1648219316,
        "narHash": "sha256-Ctij+dOi0ZZIfX5eMhgwugfvB+WZSrvVNAyAuANOsnQ=",
        "owner": "NixOS",
        "repo": "nixpkgs",
        "rev": "30d3d79b7d3607d56546dd2a6b49e156ba0ec634",
        "type": "github"
      },
      "original": {
        "id": "nixpkgs",
        "type": "indirect"
      }
    },
    "nixpkgs_5": {
      "locked": {
        "lastModified": 1648632716,
        "narHash": "sha256-kCmnDeiaMsdhfnNKjxdOzwRh2H6eQb8yWAL+nNabC/Y=",
        "owner": "NixOS",
        "repo": "nixpkgs",
        "rev": "710fed5a2483f945b14f4a58af2cd3676b42d8c8",
        "type": "github"
      },
      "original": {
        "owner": "NixOS",
        "ref": "nixos-unstable",
        "repo": "nixpkgs",
        "type": "github"
      }
    },
    "nixpkgs_6": {
      "locked": {
        "lastModified": 1648219316,
        "narHash": "sha256-Ctij+dOi0ZZIfX5eMhgwugfvB+WZSrvVNAyAuANOsnQ=",
        "owner": "NixOS",
        "repo": "nixpkgs",
        "rev": "30d3d79b7d3607d56546dd2a6b49e156ba0ec634",
        "type": "github"
      },
      "original": {
        "owner": "NixOS",
        "ref": "nixpkgs-unstable",
        "repo": "nixpkgs",
        "type": "github"
      }
    },
    "nixpkgs_7": {
      "locked": {
        "lastModified": 1653738054,
        "narHash": "sha256-IaR8iLN4Ms3f5EjU1CJkXSc49ZzyS5qv03DtVAti6/s=",
        "owner": "NixOS",
        "repo": "nixpkgs",
        "rev": "17b62c338f2a0862a58bb6951556beecd98ccda9",
        "type": "github"
      },
      "original": {
        "owner": "NixOS",
        "ref": "nixpkgs-unstable",
        "repo": "nixpkgs",
        "type": "github"
      }
    },
    "node2nix": {
      "flake": false,
      "locked": {
        "lastModified": 1642624082,
        "narHash": "sha256-3ihOD8dzcMGWhfum3nkU6ZjKWxxUdfn4ix11t4Clxr8=",
        "owner": "svanderburg",
        "repo": "node2nix",
        "rev": "d5ea8f0c2e35257350fb893ad1c27d9ea28e9e8b",
        "type": "github"
      },
      "original": {
        "owner": "svanderburg",
        "repo": "node2nix",
        "type": "github"
      }
    },
    "obsidian": {
      "locked": {
        "lastModified": 1630248577,
        "narHash": "sha256-9d/yq96TTrnF7qjA6wPYk+rYjWAXwfUmwk3qewezSeg=",
        "owner": "NixOS",
        "repo": "nixpkgs",
        "rev": "8d8a28b47b7c41aeb4ad01a2bd8b7d26986c3512",
        "type": "github"
      },
      "original": {
        "owner": "NixOS",
        "ref": "nixos-unstable",
        "repo": "nixpkgs",
        "type": "github"
      }
    },
    "plug_kak": {
      "flake": false,
      "locked": {
        "lastModified": 1628408585,
        "narHash": "sha256-ETloqFT2AfuYAzwvF+F4q/uOV862dSW5vBAJVRImymk=",
        "owner": "andreyorst",
        "repo": "plug.kak",
        "rev": "4dbd57476838deb25e7700dd80b17c73095c13a4",
        "type": "github"
      },
      "original": {
        "owner": "andreyorst",
        "repo": "plug.kak",
        "type": "github"
      }
    },
    "poetry2nix": {
      "flake": false,
      "locked": {
        "lastModified": 1632969109,
        "narHash": "sha256-jPDclkkiAy5m2gGLBlKgH+lQtbF7tL4XxBrbSzw+Ioc=",
        "owner": "nix-community",
        "repo": "poetry2nix",
        "rev": "aee8f04296c39d88155e05d25cfc59dfdd41cc77",
        "type": "github"
      },
      "original": {
        "owner": "nix-community",
        "ref": "1.21.0",
        "repo": "poetry2nix",
        "type": "github"
      }
    },
    "pre-commit-hooks": {
      "inputs": {
        "flake-utils": "flake-utils_2",
        "nixpkgs": "nixpkgs_4"
      },
      "locked": {
        "lastModified": 1646153636,
        "narHash": "sha256-AlWHMzK+xJ1mG267FdT8dCq/HvLCA6jwmx2ZUy5O8tY=",
        "owner": "cachix",
        "repo": "pre-commit-hooks.nix",
        "rev": "b6bc0b21e1617e2b07d8205e7fae7224036dfa4b",
        "type": "github"
      },
      "original": {
        "owner": "cachix",
        "repo": "pre-commit-hooks.nix",
        "type": "github"
      }
    },
    "root": {
      "inputs": {
        "apps": "apps",
        "darwin": "darwin",
        "dev": "dev",
        "dev_kak_fzf": "dev_kak_fzf",
        "dev_kak_lsp": "dev_kak_lsp",
        "dev_kak_plug": "dev_kak_plug",
        "helix": "helix",
        "home-manager": "home-manager",
        "nixpkgs": "nixpkgs_7",
        "nixpkgs-darwin": "nixpkgs-darwin",
        "nixpkgs-kak": "nixpkgs-kak",
        "obsidian": "obsidian",
        "plug_kak": "plug_kak"
      }
    },
    "rust-overlay": {
      "inputs": {
        "flake-utils": "flake-utils_3",
        "nixpkgs": "nixpkgs_6"
      },
      "locked": {
        "lastModified": 1646792695,
        "narHash": "sha256-2drCXIKIQnJMlTZbcCfuHZAh+iPcdlRkCqtZnA6MHLY=",
        "owner": "oxalica",
        "repo": "rust-overlay",
        "rev": "7f599870402c8d2a5806086c8ee0f2d92b175c54",
        "type": "github"
      },
      "original": {
        "owner": "oxalica",
        "repo": "rust-overlay",
        "type": "github"
      }
    },
    "rustOverlay": {
      "flake": false,
      "locked": {
        "lastModified": 1648866882,
        "narHash": "sha256-yMs/RKA9pX47a03zupmQp8/RLRmKzdSDk+h5Yt7K9xU=",
        "owner": "oxalica",
        "repo": "rust-overlay",
        "rev": "7c90e17cd7c0b9e81d5b23f78b482088ac9961d1",
        "type": "github"
      },
      "original": {
        "owner": "oxalica",
        "repo": "rust-overlay",
        "type": "github"
      }
    }
  },
  "root": "root",
  "version": 7
}
