{
  "nodes": {
    "home-manager": {
      "inputs": {
        "nixpkgs": [
          "nixpkgs"
        ]
      },
      "locked": {
        "lastModified": 1627649712,
        "narHash": "sha256-AJBasvMKpsyJmCLdjroBElCHY5AlalbVy+XY5vjbgXc=",
        "owner": "nix-community",
        "repo": "home-manager",
        "rev": "b39647e52ed3c0b989e9d5c965e598ae4c38d7ef",
        "type": "github"
      },
      "original": {
        "owner": "nix-community",
        "ref": "release-21.05",
        "repo": "home-manager",
        "type": "github"
      }
    },
    "nixpkgs": {
      "locked": {
        "lastModified": 1627714638,
        "narHash": "sha256-K50HjZJzRaFoxzGkbNwynsrKGQsinmUQE5HNSCNcO6Y=",
        "owner": "NixOS",
        "repo": "nixpkgs",
        "rev": "11c662074e2ae3dddd7e157918b6981de4ce7857",
        "type": "github"
      },
      "original": {
        "owner": "NixOS",
        "ref": "nixos-21.05",
        "repo": "nixpkgs",
        "type": "github"
      }
    },
    "nixpkgs-kak": {
      "locked": {
        "lastModified": 1627391865,
        "narHash": "sha256-tPoWBO9Nzu3wuX37WcnctzL6LoDCErJLnfLGqqmXCm4=",
        "owner": "NixOS",
        "repo": "nixpkgs",
        "rev": "8ecc61c91a596df7d3293603a9c2384190c1b89a",
        "type": "github"
      },
      "original": {
        "owner": "NixOS",
        "ref": "nixos-unstable",
        "repo": "nixpkgs",
        "type": "github"
      }
    },
    "obsidian": {
      "locked": {
        "lastModified": 1627391865,
        "narHash": "sha256-tPoWBO9Nzu3wuX37WcnctzL6LoDCErJLnfLGqqmXCm4=",
        "owner": "NixOS",
        "repo": "nixpkgs",
        "rev": "8ecc61c91a596df7d3293603a9c2384190c1b89a",
        "type": "github"
      },
      "original": {
        "owner": "NixOS",
        "ref": "nixos-unstable",
        "repo": "nixpkgs",
        "type": "github"
      }
    },
    "plug_kak": {
      "flake": false,
      "locked": {
        "lastModified": 1599166630,
        "narHash": "sha256-N5pWSwwlk5po8cK5j7aelKwNt6SCLDmreeC/46BVyVw=",
        "owner": "robertmeta",
        "repo": "plug.kak",
        "rev": "cf02b00f3764cbd03ce9ab6eec2f4eed035c0737",
        "type": "github"
      },
      "original": {
        "owner": "robertmeta",
        "repo": "plug.kak",
        "type": "github"
      }
    },
    "root": {
      "inputs": {
        "home-manager": "home-manager",
        "nixpkgs": "nixpkgs",
        "nixpkgs-kak": "nixpkgs-kak",
        "obsidian": "obsidian",
        "plug_kak": "plug_kak"
      }
    }
  },
  "root": "root",
  "version": 7
}
