{
  "nodes": {
    "nix-darwin": {
      "inputs": {
        "nixpkgs": [
          "nixpkgs"
        ]
      },
      "locked": {
        "lastModified": 1706581965,
        "narHash": "sha256-1H7dRdK9LJ7+2X1XQtbwXr+QMqtVVo/ZF0/LIvkjdK8=",
        "owner": "LnL7",
        "repo": "nix-darwin",
        "rev": "91b9daf672c957ef95a05491a75f62e6a01d5aaf",
        "type": "github"
      },
      "original": {
        "owner": "LnL7",
        "repo": "nix-darwin",
        "type": "github"
      }
    },
    "nixpkgs": {
      "locked": {
        "lastModified": 1706683685,
        "narHash": "sha256-FtPPshEpxH/ewBOsdKBNhlsL2MLEFv1hEnQ19f/bFsQ=",
        "owner": "NixOS",
        "repo": "nixpkgs",
        "rev": "5ad9903c16126a7d949101687af0aa589b1d7d3d",
        "type": "github"
      },
      "original": {
        "owner": "NixOS",
        "ref": "nixpkgs-unstable",
        "repo": "nixpkgs",
        "type": "github"
      }
    },
    "root": {
      "inputs": {
        "nix-darwin": "nix-darwin",
        "nixpkgs": "nixpkgs"
      }
    }
  },
  "root": "root",
  "version": 7
}
